{
  "name": "osc-wifi",
  "version": "1.0.0",
  "lockfileVersion": 1,
  "requires": true,
  "dependencies": {
    "binpack": {
      "version": "0.1.0",
      "resolved": "https://registry.npmjs.org/binpack/-/binpack-0.1.0.tgz",
      "integrity": "sha1-vT0JdMPyoERuF99PYLVacqIFqX4="
    },
    "jspack": {
      "version": "0.0.4",
      "resolved": "https://registry.npmjs.org/jspack/-/jspack-0.0.4.tgz",
      "integrity": "sha1-Mt01x/3LPjRWwY+7fvntC8YjgXc="
    },
    "node-osc": {
      "version": "3.0.0",
      "resolved": "https://registry.npmjs.org/node-osc/-/node-osc-3.0.0.tgz",
      "integrity": "sha512-/NftDs0/RDK1PX9dxDsDrEV99gwv1r+HfEjX/myUXoQuRMaU7x/441DzPSdXsYxJF19ddxSoWEVXWMuB+cF7jA==",
      "requires": {
        "jspack": "0.0.4",
        "osc-min": "1.1.1"
      }
    },
    "osc-min": {
      "version": "1.1.1",
      "resolved": "https://registry.npmjs.org/osc-min/-/osc-min-1.1.1.tgz",
      "integrity": "sha1-hYBEOjq7AvcyVPWihjQNy+PPPwc=",
      "requires": {
        "binpack": "0.1.0"
      }
    }
  }
}
